
Microsoft Visual Studio Solution File, Format Version 12.00
# Visual Studio Version 17
VisualStudioVersion = 17.0.32014.148
MinimumVisualStudioVersion = 10.0.40219.1
Project("{FAE04EC0-301F-11D3-BF4B-00C04F79EFBC}") = "Final Project", "Final Project\Final Project.csproj", "{D161F5D5-C3D5-4A8B-A728-8BB305B9277E}"
EndProject
Global
	GlobalSection(SolutionConfigurationPlatforms) = preSolution
		Debug|Any CPU = Debug|Any CPU
		Release|Any CPU = Release|Any CPU
	EndGlobalSection
	GlobalSection(ProjectConfigurationPlatforms) = postSolution
		{D161F5D5-C3D5-4A8B-A728-8BB305B9277E}.Debug|Any CPU.ActiveCfg = Debug|Any CPU
		{D161F5D5-C3D5-4A8B-A728-8BB305B9277E}.Debug|Any CPU.Build.0 = Debug|Any CPU
		{D161F5D5-C3D5-4A8B-A728-8BB305B9277E}.Release|Any CPU.ActiveCfg = Release|Any CPU
		{D161F5D5-C3D5-4A8B-A728-8BB305B9277E}.Release|Any CPU.Build.0 = Release|Any CPU
	EndGlobalSection
	GlobalSection(SolutionProperties) = preSolution
		HideSolutionNode = FALSE
	EndGlobalSection
	GlobalSection(ExtensibilityGlobals) = postSolution
		SolutionGuid = {DA4CB48E-93E7-4F54-A5F7-AEFC42A15B8B}
	EndGlobalSection
EndGlobal
